
Microsoft Visual Studio Solution File, Format Version 12.00
# Visual Studio 15
Project("{FAE04EC0-301F-11D3-BF4B-00C04F79EFBC}") = "Assembly-CSharp", "Assembly-CSharp.csproj", "{0FAEDCD4-61EB-E6D0-F6F1-0EC41AEC5444}"
EndProject
Project("{FAE04EC0-301F-11D3-BF4B-00C04F79EFBC}") = "Assembly-CSharp-Editor", "Assembly-CSharp-Editor.csproj", "{8E7823F0-5E9D-5127-9750-9D020F636C5B}"
EndProject
Global
	GlobalSection(SolutionConfigurationPlatforms) = preSolution
		Debug|Any CPU = Debug|Any CPU
		Release|Any CPU = Release|Any CPU
	EndGlobalSection
	GlobalSection(ProjectConfigurationPlatforms) = postSolution
		{0FAEDCD4-61EB-E6D0-F6F1-0EC41AEC5444}.Debug|Any CPU.ActiveCfg = Debug|Any CPU
		{0FAEDCD4-61EB-E6D0-F6F1-0EC41AEC5444}.Debug|Any CPU.Build.0 = Debug|Any CPU
		{0FAEDCD4-61EB-E6D0-F6F1-0EC41AEC5444}.Release|Any CPU.ActiveCfg = Release|Any CPU
		{0FAEDCD4-61EB-E6D0-F6F1-0EC41AEC5444}.Release|Any CPU.Build.0 = Release|Any CPU
		{8E7823F0-5E9D-5127-9750-9D020F636C5B}.Debug|Any CPU.ActiveCfg = Debug|Any CPU
		{8E7823F0-5E9D-5127-9750-9D020F636C5B}.Debug|Any CPU.Build.0 = Debug|Any CPU
		{8E7823F0-5E9D-5127-9750-9D020F636C5B}.Release|Any CPU.ActiveCfg = Release|Any CPU
		{8E7823F0-5E9D-5127-9750-9D020F636C5B}.Release|Any CPU.Build.0 = Release|Any CPU
	EndGlobalSection
	GlobalSection(SolutionProperties) = preSolution
		HideSolutionNode = FALSE
	EndGlobalSection
EndGlobal
