
Microsoft Visual Studio Solution File, Format Version 11.00
# Visual Studio 2010
Project("{FAE04EC0-301F-11D3-BF4B-00C04F79EFBC}") = "Assembly-CSharp", "Assembly-CSharp.csproj", "{3dfbfefa-411e-51f3-2d1c-c29c45a5334a}"
EndProject
Project("{FAE04EC0-301F-11D3-BF4B-00C04F79EFBC}") = "AYellowpaper.SerializedCollections", "AYellowpaper.SerializedCollections.csproj", "{e1363cda-fc30-f22d-abe3-7acc8b9d8b1f}"
EndProject
Project("{FAE04EC0-301F-11D3-BF4B-00C04F79EFBC}") = "Assembly-CSharp-firstpass", "Assembly-CSharp-firstpass.csproj", "{b1806bd6-1eab-7ec9-bc63-20a4b0da704f}"
EndProject
Project("{FAE04EC0-301F-11D3-BF4B-00C04F79EFBC}") = "AYellowpaper.SerializedCollections.Editor", "AYellowpaper.SerializedCollections.Editor.csproj", "{6838b15e-b32a-5964-b224-5d8713c96422}"
EndProject
Project("{FAE04EC0-301F-11D3-BF4B-00C04F79EFBC}") = "Assembly-CSharp-Editor", "Assembly-CSharp-Editor.csproj", "{cf2b0e57-0943-d97b-7863-6cf57203a9fc}"
EndProject
Project("{FAE04EC0-301F-11D3-BF4B-00C04F79EFBC}") = "Unity.StarterAssets", "Unity.StarterAssets.csproj", "{a970b51a-0240-7761-0787-98475563912b}"
EndProject
Project("{FAE04EC0-301F-11D3-BF4B-00C04F79EFBC}") = "Assembly-CSharp-Editor-firstpass", "Assembly-CSharp-Editor-firstpass.csproj", "{95767c20-8f20-56f7-fdfa-216058f9944e}"
EndProject
Project("{FAE04EC0-301F-11D3-BF4B-00C04F79EFBC}") = "URPWizard", "URPWizard.csproj", "{5b57698c-608b-f5bc-19b0-b7c5d10234b2}"
EndProject
Project("{FAE04EC0-301F-11D3-BF4B-00C04F79EFBC}") = "Unity.StarterAssets.Editor", "Unity.StarterAssets.Editor.csproj", "{976ac8c8-b2fa-8e81-c6cf-cc6f05a26108}"
EndProject
Global
	GlobalSection(SolutionConfigurationPlatforms) = preSolution
		Debug|Any CPU = Debug|Any CPU
	EndGlobalSection
	GlobalSection(ProjectConfigurationPlatforms) = postSolution
		{3dfbfefa-411e-51f3-2d1c-c29c45a5334a}.Debug|Any CPU.ActiveCfg = Debug|Any CPU
		{3dfbfefa-411e-51f3-2d1c-c29c45a5334a}.Debug|Any CPU.Build.0 = Debug|Any CPU
		{e1363cda-fc30-f22d-abe3-7acc8b9d8b1f}.Debug|Any CPU.ActiveCfg = Debug|Any CPU
		{e1363cda-fc30-f22d-abe3-7acc8b9d8b1f}.Debug|Any CPU.Build.0 = Debug|Any CPU
		{b1806bd6-1eab-7ec9-bc63-20a4b0da704f}.Debug|Any CPU.ActiveCfg = Debug|Any CPU
		{b1806bd6-1eab-7ec9-bc63-20a4b0da704f}.Debug|Any CPU.Build.0 = Debug|Any CPU
		{6838b15e-b32a-5964-b224-5d8713c96422}.Debug|Any CPU.ActiveCfg = Debug|Any CPU
		{6838b15e-b32a-5964-b224-5d8713c96422}.Debug|Any CPU.Build.0 = Debug|Any CPU
		{cf2b0e57-0943-d97b-7863-6cf57203a9fc}.Debug|Any CPU.ActiveCfg = Debug|Any CPU
		{cf2b0e57-0943-d97b-7863-6cf57203a9fc}.Debug|Any CPU.Build.0 = Debug|Any CPU
		{a970b51a-0240-7761-0787-98475563912b}.Debug|Any CPU.ActiveCfg = Debug|Any CPU
		{a970b51a-0240-7761-0787-98475563912b}.Debug|Any CPU.Build.0 = Debug|Any CPU
		{95767c20-8f20-56f7-fdfa-216058f9944e}.Debug|Any CPU.ActiveCfg = Debug|Any CPU
		{95767c20-8f20-56f7-fdfa-216058f9944e}.Debug|Any CPU.Build.0 = Debug|Any CPU
		{5b57698c-608b-f5bc-19b0-b7c5d10234b2}.Debug|Any CPU.ActiveCfg = Debug|Any CPU
		{5b57698c-608b-f5bc-19b0-b7c5d10234b2}.Debug|Any CPU.Build.0 = Debug|Any CPU
		{976ac8c8-b2fa-8e81-c6cf-cc6f05a26108}.Debug|Any CPU.ActiveCfg = Debug|Any CPU
		{976ac8c8-b2fa-8e81-c6cf-cc6f05a26108}.Debug|Any CPU.Build.0 = Debug|Any CPU
	EndGlobalSection
	GlobalSection(SolutionProperties) = preSolution
		HideSolutionNode = FALSE
	EndGlobalSection
EndGlobal
